{
  "requires": true,
  "lockfileVersion": 1,
  "dependencies": {
    "async": {
      "version": "3.0.1",
      "resolved": "https://registry.npmjs.org/async/-/async-3.0.1.tgz",
      "integrity": "sha512-ZswD8vwPtmBZzbn9xyi8XBQWXH3AvOQ43Za1KWYq7JeycrZuUYzx01KvHcVbXltjqH4y0MWrQ33008uLTqXuDw=="
    }
  }
}
